// !$*UTF8*$!
{
	archiveVersion = 1;
	classes = {
	};
	objectVersion = 50;
	objects = {

/* Begin PBXBuildFile section */
		E309ECE921AA90560091219D /* Assets.xcassets in Resources */ = {isa = PBXBuildFile; fileRef = E309ECE821AA90560091219D /* Assets.xcassets */; };
		E310467421B24AB500ABAC3B /* ExternalLinks.swift in Sources */ = {isa = PBXBuildFile; fileRef = E310467321B24AB500ABAC3B /* ExternalLinks.swift */; };
		E364A51E21AAA51A00B501EE /* demo.mov in Resources */ = {isa = PBXBuildFile; fileRef = E364A51D21AAA51A00B501EE /* demo.mov */; };
		E3C03A2821A95AF90025C8F1 /* key_bindings_demo.mov in Resources */ = {isa = PBXBuildFile; fileRef = E3C03A2721A95AF90025C8F1 /* key_bindings_demo.mov */; };
		E3C03A2A21A95D5D0025C8F1 /* Demo.swift in Sources */ = {isa = PBXBuildFile; fileRef = E3C03A2921A95D5D0025C8F1 /* Demo.swift */; };
		E3C63A4621A94BE7001B8CB4 /* AppDelegate.swift in Sources */ = {isa = PBXBuildFile; fileRef = E3C63A4521A94BE7001B8CB4 /* AppDelegate.swift */; };
		E3C63A4821A94BE7001B8CB4 /* ViewController.swift in Sources */ = {isa = PBXBuildFile; fileRef = E3C63A4721A94BE7001B8CB4 /* ViewController.swift */; };
		E3C63A5921A94BE8001B8CB4 /* Comment_Spell_CheckerTests.swift in Sources */ = {isa = PBXBuildFile; fileRef = E3C63A5821A94BE8001B8CB4 /* Comment_Spell_CheckerTests.swift */; };
		E3C63A6621A94C28001B8CB4 /* HelpController.swift in Sources */ = {isa = PBXBuildFile; fileRef = E3C63A6521A94C28001B8CB4 /* HelpController.swift */; };
		E3C63A6B21A94C3B001B8CB4 /* HelpContentViewController.swift in Sources */ = {isa = PBXBuildFile; fileRef = E3C63A6821A94C3B001B8CB4 /* HelpContentViewController.swift */; };
		E3C63A6C21A94C3B001B8CB4 /* HelpSourceViewController.swift in Sources */ = {isa = PBXBuildFile; fileRef = E3C63A6921A94C3B001B8CB4 /* HelpSourceViewController.swift */; };
		E3C63A6D21A94C3B001B8CB4 /* HelpSplitViewController.swift in Sources */ = {isa = PBXBuildFile; fileRef = E3C63A6A21A94C3B001B8CB4 /* HelpSplitViewController.swift */; };
		E3C63A6F21A94C49001B8CB4 /* Model.swift in Sources */ = {isa = PBXBuildFile; fileRef = E3C63A6E21A94C49001B8CB4 /* Model.swift */; };
		E3C63A7321A94C80001B8CB4 /* Main.storyboard in Resources */ = {isa = PBXBuildFile; fileRef = E3C63A7221A94C80001B8CB4 /* Main.storyboard */; };
		E3C63A7621A94C92001B8CB4 /* system_prefs_demo.mov in Resources */ = {isa = PBXBuildFile; fileRef = E3C63A7521A94C92001B8CB4 /* system_prefs_demo.mov */; };
		E3C63A7E21A94CE7001B8CB4 /* Cocoa.framework in Frameworks */ = {isa = PBXBuildFile; fileRef = E3C63A7D21A94CE7001B8CB4 /* Cocoa.framework */; };
		E3C63A8121A94CE7001B8CB4 /* SourceEditorExtension.swift in Sources */ = {isa = PBXBuildFile; fileRef = E3C63A8021A94CE7001B8CB4 /* SourceEditorExtension.swift */; };
		E3C63A8321A94CE7001B8CB4 /* SourceEditorCommand.swift in Sources */ = {isa = PBXBuildFile; fileRef = E3C63A8221A94CE7001B8CB4 /* SourceEditorCommand.swift */; };
		E3C63A8821A94CE7001B8CB4 /* Comment Spell Checker Extension.appex in Embed App Extensions */ = {isa = PBXBuildFile; fileRef = E3C63A7B21A94CE7001B8CB4 /* Comment Spell Checker Extension.appex */; settings = {ATTRIBUTES = (RemoveHeadersOnCopy, ); }; };
		E3C63A8E21A94CF6001B8CB4 /* Parser.swift in Sources */ = {isa = PBXBuildFile; fileRef = E3C63A8D21A94CF6001B8CB4 /* Parser.swift */; };
/* End PBXBuildFile section */

/* Begin PBXContainerItemProxy section */
		E3C63A5521A94BE8001B8CB4 /* PBXContainerItemProxy */ = {
			isa = PBXContainerItemProxy;
			containerPortal = E3C63A3A21A94BE7001B8CB4 /* Project object */;
			proxyType = 1;
			remoteGlobalIDString = E3C63A4121A94BE7001B8CB4;
			remoteInfo = "Comment Spell Checker";
		};
		E3C63A8621A94CE7001B8CB4 /* PBXContainerItemProxy */ = {
			isa = PBXContainerItemProxy;
			containerPortal = E3C63A3A21A94BE7001B8CB4 /* Project object */;
			proxyType = 1;
			remoteGlobalIDString = E3C63A7A21A94CE7001B8CB4;
			remoteInfo = "Comment Spell Checker Extension";
		};
/* End PBXContainerItemProxy section */

/* Begin PBXCopyFilesBuildPhase section */
		E3C63A8C21A94CE7001B8CB4 /* Embed App Extensions */ = {
			isa = PBXCopyFilesBuildPhase;
			buildActionMask = 2147483647;
			dstPath = "";
			dstSubfolderSpec = 13;
			files = (
				E3C63A8821A94CE7001B8CB4 /* Comment Spell Checker Extension.appex in Embed App Extensions */,
			);
			name = "Embed App Extensions";
			runOnlyForDeploymentPostprocessing = 0;
		};
/* End PBXCopyFilesBuildPhase section */

/* Begin PBXFileReference section */
		E309ECE821AA90560091219D /* Assets.xcassets */ = {isa = PBXFileReference; lastKnownFileType = folder.assetcatalog; path = Assets.xcassets; sourceTree = "<group>"; };
		E310467321B24AB500ABAC3B /* ExternalLinks.swift */ = {isa = PBXFileReference; lastKnownFileType = sourcecode.swift; path = ExternalLinks.swift; sourceTree = "<group>"; };
		E364A51D21AAA51A00B501EE /* demo.mov */ = {isa = PBXFileReference; lastKnownFileType = video.quicktime; path = demo.mov; sourceTree = "<group>"; };
		E3C03A2721A95AF90025C8F1 /* key_bindings_demo.mov */ = {isa = PBXFileReference; lastKnownFileType = video.quicktime; path = key_bindings_demo.mov; sourceTree = "<group>"; };
		E3C03A2921A95D5D0025C8F1 /* Demo.swift */ = {isa = PBXFileReference; lastKnownFileType = sourcecode.swift; path = Demo.swift; sourceTree = "<group>"; };
		E3C63A4221A94BE7001B8CB4 /* Comment Spell Checker.app */ = {isa = PBXFileReference; explicitFileType = wrapper.application; includeInIndex = 0; path = "Comment Spell Checker.app"; sourceTree = BUILT_PRODUCTS_DIR; };
		E3C63A4521A94BE7001B8CB4 /* AppDelegate.swift */ = {isa = PBXFileReference; lastKnownFileType = sourcecode.swift; path = AppDelegate.swift; sourceTree = "<group>"; };
		E3C63A4721A94BE7001B8CB4 /* ViewController.swift */ = {isa = PBXFileReference; lastKnownFileType = sourcecode.swift; path = ViewController.swift; sourceTree = "<group>"; };
		E3C63A4E21A94BE8001B8CB4 /* Info.plist */ = {isa = PBXFileReference; lastKnownFileType = text.plist.xml; path = Info.plist; sourceTree = "<group>"; };
		E3C63A4F21A94BE8001B8CB4 /* Comment_Spell_Checker.entitlements */ = {isa = PBXFileReference; lastKnownFileType = text.plist.entitlements; path = Comment_Spell_Checker.entitlements; sourceTree = "<group>"; };
		E3C63A5421A94BE8001B8CB4 /* Comment Spell CheckerTests.xctest */ = {isa = PBXFileReference; explicitFileType = wrapper.cfbundle; includeInIndex = 0; path = "Comment Spell CheckerTests.xctest"; sourceTree = BUILT_PRODUCTS_DIR; };
		E3C63A5821A94BE8001B8CB4 /* Comment_Spell_CheckerTests.swift */ = {isa = PBXFileReference; lastKnownFileType = sourcecode.swift; path = Comment_Spell_CheckerTests.swift; sourceTree = "<group>"; };
		E3C63A5A21A94BE8001B8CB4 /* Info.plist */ = {isa = PBXFileReference; lastKnownFileType = text.plist.xml; path = Info.plist; sourceTree = "<group>"; };
		E3C63A6521A94C28001B8CB4 /* HelpController.swift */ = {isa = PBXFileReference; fileEncoding = 4; lastKnownFileType = sourcecode.swift; path = HelpController.swift; sourceTree = "<group>"; };
		E3C63A6821A94C3B001B8CB4 /* HelpContentViewController.swift */ = {isa = PBXFileReference; fileEncoding = 4; lastKnownFileType = sourcecode.swift; path = HelpContentViewController.swift; sourceTree = "<group>"; };
		E3C63A6921A94C3B001B8CB4 /* HelpSourceViewController.swift */ = {isa = PBXFileReference; fileEncoding = 4; lastKnownFileType = sourcecode.swift; path = HelpSourceViewController.swift; sourceTree = "<group>"; };
		E3C63A6A21A94C3B001B8CB4 /* HelpSplitViewController.swift */ = {isa = PBXFileReference; fileEncoding = 4; lastKnownFileType = sourcecode.swift; path = HelpSplitViewController.swift; sourceTree = "<group>"; };
		E3C63A6E21A94C49001B8CB4 /* Model.swift */ = {isa = PBXFileReference; fileEncoding = 4; lastKnownFileType = sourcecode.swift; path = Model.swift; sourceTree = "<group>"; };
		E3C63A7221A94C80001B8CB4 /* Main.storyboard */ = {isa = PBXFileReference; fileEncoding = 4; lastKnownFileType = file.storyboard; path = Main.storyboard; sourceTree = "<group>"; };
		E3C63A7521A94C92001B8CB4 /* system_prefs_demo.mov */ = {isa = PBXFileReference; lastKnownFileType = video.quicktime; path = system_prefs_demo.mov; sourceTree = "<group>"; };
		E3C63A7B21A94CE7001B8CB4 /* Comment Spell Checker Extension.appex */ = {isa = PBXFileReference; explicitFileType = "wrapper.app-extension"; includeInIndex = 0; path = "Comment Spell Checker Extension.appex"; sourceTree = BUILT_PRODUCTS_DIR; };
		E3C63A7D21A94CE7001B8CB4 /* Cocoa.framework */ = {isa = PBXFileReference; lastKnownFileType = wrapper.framework; name = Cocoa.framework; path = System/Library/Frameworks/Cocoa.framework; sourceTree = SDKROOT; };
		E3C63A8021A94CE7001B8CB4 /* SourceEditorExtension.swift */ = {isa = PBXFileReference; lastKnownFileType = sourcecode.swift; path = SourceEditorExtension.swift; sourceTree = "<group>"; };
		E3C63A8221A94CE7001B8CB4 /* SourceEditorCommand.swift */ = {isa = PBXFileReference; lastKnownFileType = sourcecode.swift; path = SourceEditorCommand.swift; sourceTree = "<group>"; };
		E3C63A8421A94CE7001B8CB4 /* Info.plist */ = {isa = PBXFileReference; lastKnownFileType = text.plist.xml; path = Info.plist; sourceTree = "<group>"; };
		E3C63A8521A94CE7001B8CB4 /* Comment_Spell_Checker_Extension.entitlements */ = {isa = PBXFileReference; lastKnownFileType = text.plist.entitlements; path = Comment_Spell_Checker_Extension.entitlements; sourceTree = "<group>"; };
		E3C63A8D21A94CF6001B8CB4 /* Parser.swift */ = {isa = PBXFileReference; fileEncoding = 4; lastKnownFileType = sourcecode.swift; path = Parser.swift; sourceTree = "<group>"; };
/* End PBXFileReference section */

/* Begin PBXFrameworksBuildPhase section */
		E3C63A3F21A94BE7001B8CB4 /* Frameworks */ = {
			isa = PBXFrameworksBuildPhase;
			buildActionMask = 2147483647;
			files = (
			);
			runOnlyForDeploymentPostprocessing = 0;
		};
		E3C63A5121A94BE8001B8CB4 /* Frameworks */ = {
			isa = PBXFrameworksBuildPhase;
			buildActionMask = 2147483647;
			files = (
			);
			runOnlyForDeploymentPostprocessing = 0;
		};
		E3C63A7821A94CE7001B8CB4 /* Frameworks */ = {
			isa = PBXFrameworksBuildPhase;
			buildActionMask = 2147483647;
			files = (
				E3C63A7E21A94CE7001B8CB4 /* Cocoa.framework in Frameworks */,
			);
			runOnlyForDeploymentPostprocessing = 0;
		};
/* End PBXFrameworksBuildPhase section */

/* Begin PBXGroup section */
		E3C63A3921A94BE7001B8CB4 = {
			isa = PBXGroup;
			children = (
				E3C63A4421A94BE7001B8CB4 /* Comment Spell Checker */,
				E3C63A5721A94BE8001B8CB4 /* Comment Spell CheckerTests */,
				E3C63A7F21A94CE7001B8CB4 /* Comment Spell Checker Extension */,
				E3C63A7C21A94CE7001B8CB4 /* Frameworks */,
				E3C63A4321A94BE7001B8CB4 /* Products */,
			);
			sourceTree = "<group>";
		};
		E3C63A4321A94BE7001B8CB4 /* Products */ = {
			isa = PBXGroup;
			children = (
				E3C63A4221A94BE7001B8CB4 /* Comment Spell Checker.app */,
				E3C63A5421A94BE8001B8CB4 /* Comment Spell CheckerTests.xctest */,
				E3C63A7B21A94CE7001B8CB4 /* Comment Spell Checker Extension.appex */,
			);
			name = Products;
			sourceTree = "<group>";
		};
		E3C63A4421A94BE7001B8CB4 /* Comment Spell Checker */ = {
			isa = PBXGroup;
			children = (
				E3C63A4521A94BE7001B8CB4 /* AppDelegate.swift */,
				E3C63A4721A94BE7001B8CB4 /* ViewController.swift */,
				E3C63A6521A94C28001B8CB4 /* HelpController.swift */,
				E3C63A6E21A94C49001B8CB4 /* Model.swift */,
				E310467321B24AB500ABAC3B /* ExternalLinks.swift */,
				E3C63A6721A94C3B001B8CB4 /* View */,
				E309ECE821AA90560091219D /* Assets.xcassets */,
				E3C63A7221A94C80001B8CB4 /* Main.storyboard */,
				E3C63A7421A94C92001B8CB4 /* Resources */,
				E3C63A4E21A94BE8001B8CB4 /* Info.plist */,
				E3C63A4F21A94BE8001B8CB4 /* Comment_Spell_Checker.entitlements */,
			);
			path = "Comment Spell Checker";
			sourceTree = "<group>";
		};
		E3C63A5721A94BE8001B8CB4 /* Comment Spell CheckerTests */ = {
			isa = PBXGroup;
			children = (
				E3C63A5821A94BE8001B8CB4 /* Comment_Spell_CheckerTests.swift */,
				E3C63A5A21A94BE8001B8CB4 /* Info.plist */,
			);
			path = "Comment Spell CheckerTests";
			sourceTree = "<group>";
		};
		E3C63A6721A94C3B001B8CB4 /* View */ = {
			isa = PBXGroup;
			children = (
				E3C63A6821A94C3B001B8CB4 /* HelpContentViewController.swift */,
				E3C63A6921A94C3B001B8CB4 /* HelpSourceViewController.swift */,
				E3C63A6A21A94C3B001B8CB4 /* HelpSplitViewController.swift */,
			);
			path = View;
			sourceTree = "<group>";
		};
		E3C63A7421A94C92001B8CB4 /* Resources */ = {
			isa = PBXGroup;
			children = (
				E364A51D21AAA51A00B501EE /* demo.mov */,
				E3C03A2721A95AF90025C8F1 /* key_bindings_demo.mov */,
				E3C63A7521A94C92001B8CB4 /* system_prefs_demo.mov */,
			);
			path = Resources;
			sourceTree = "<group>";
		};
		E3C63A7C21A94CE7001B8CB4 /* Frameworks */ = {
			isa = PBXGroup;
			children = (
				E3C63A7D21A94CE7001B8CB4 /* Cocoa.framework */,
			);
			name = Frameworks;
			sourceTree = "<group>";
		};
		E3C63A7F21A94CE7001B8CB4 /* Comment Spell Checker Extension */ = {
			isa = PBXGroup;
			children = (
				E3C63A8021A94CE7001B8CB4 /* SourceEditorExtension.swift */,
				E3C63A8221A94CE7001B8CB4 /* SourceEditorCommand.swift */,
				E3C63A8D21A94CF6001B8CB4 /* Parser.swift */,
				E3C03A2921A95D5D0025C8F1 /* Demo.swift */,
				E3C63A8421A94CE7001B8CB4 /* Info.plist */,
				E3C63A8521A94CE7001B8CB4 /* Comment_Spell_Checker_Extension.entitlements */,
			);
			path = "Comment Spell Checker Extension";
			sourceTree = "<group>";
		};
/* End PBXGroup section */

/* Begin PBXNativeTarget section */
		E3C63A4121A94BE7001B8CB4 /* Comment Spell Checker */ = {
			isa = PBXNativeTarget;
			buildConfigurationList = E3C63A5D21A94BE8001B8CB4 /* Build configuration list for PBXNativeTarget "Comment Spell Checker" */;
			buildPhases = (
				E3C63A3E21A94BE7001B8CB4 /* Sources */,
				E3C63A3F21A94BE7001B8CB4 /* Frameworks */,
				E3C63A4021A94BE7001B8CB4 /* Resources */,
				E3C63A8C21A94CE7001B8CB4 /* Embed App Extensions */,
			);
			buildRules = (
			);
			dependencies = (
				E3C63A8721A94CE7001B8CB4 /* PBXTargetDependency */,
			);
			name = "Comment Spell Checker";
			productName = "Comment Spell Checker";
			productReference = E3C63A4221A94BE7001B8CB4 /* Comment Spell Checker.app */;
			productType = "com.apple.product-type.application";
		};
		E3C63A5321A94BE8001B8CB4 /* Comment Spell CheckerTests */ = {
			isa = PBXNativeTarget;
			buildConfigurationList = E3C63A6021A94BE8001B8CB4 /* Build configuration list for PBXNativeTarget "Comment Spell CheckerTests" */;
			buildPhases = (
				E3C63A5021A94BE8001B8CB4 /* Sources */,
				E3C63A5121A94BE8001B8CB4 /* Frameworks */,
				E3C63A5221A94BE8001B8CB4 /* Resources */,
			);
			buildRules = (
			);
			dependencies = (
				E3C63A5621A94BE8001B8CB4 /* PBXTargetDependency */,
			);
			name = "Comment Spell CheckerTests";
			productName = "Comment Spell CheckerTests";
			productReference = E3C63A5421A94BE8001B8CB4 /* Comment Spell CheckerTests.xctest */;
			productType = "com.apple.product-type.bundle.unit-test";
		};
		E3C63A7A21A94CE7001B8CB4 /* Comment Spell Checker Extension */ = {
			isa = PBXNativeTarget;
			buildConfigurationList = E3C63A8921A94CE7001B8CB4 /* Build configuration list for PBXNativeTarget "Comment Spell Checker Extension" */;
			buildPhases = (
				E3C63A7721A94CE7001B8CB4 /* Sources */,
				E3C63A7821A94CE7001B8CB4 /* Frameworks */,
				E3C63A7921A94CE7001B8CB4 /* Resources */,
			);
			buildRules = (
			);
			dependencies = (
			);
			name = "Comment Spell Checker Extension";
			productName = "Comment Spell Checker Extension";
			productReference = E3C63A7B21A94CE7001B8CB4 /* Comment Spell Checker Extension.appex */;
			productType = "com.apple.product-type.xcode-extension";
		};
/* End PBXNativeTarget section */

/* Begin PBXProject section */
		E3C63A3A21A94BE7001B8CB4 /* Project object */ = {
			isa = PBXProject;
			attributes = {
				LastSwiftUpdateCheck = 1010;
				LastUpgradeCheck = 1010;
				ORGANIZATIONNAME = "Velislava Yanchina";
				TargetAttributes = {
					E3C63A4121A94BE7001B8CB4 = {
						CreatedOnToolsVersion = 10.1;
					};
					E3C63A5321A94BE8001B8CB4 = {
						CreatedOnToolsVersion = 10.1;
						TestTargetID = E3C63A4121A94BE7001B8CB4;
					};
					E3C63A7A21A94CE7001B8CB4 = {
						CreatedOnToolsVersion = 10.1;
					};
				};
			};
			buildConfigurationList = E3C63A3D21A94BE7001B8CB4 /* Build configuration list for PBXProject "Comment Spell Checker" */;
			compatibilityVersion = "Xcode 9.3";
			developmentRegion = en;
			hasScannedForEncodings = 0;
			knownRegions = (
				en,
				Base,
			);
			mainGroup = E3C63A3921A94BE7001B8CB4;
			productRefGroup = E3C63A4321A94BE7001B8CB4 /* Products */;
			projectDirPath = "";
			projectRoot = "";
			targets = (
				E3C63A4121A94BE7001B8CB4 /* Comment Spell Checker */,
				E3C63A5321A94BE8001B8CB4 /* Comment Spell CheckerTests */,
				E3C63A7A21A94CE7001B8CB4 /* Comment Spell Checker Extension */,
			);
		};
/* End PBXProject section */

/* Begin PBXResourcesBuildPhase section */
		E3C63A4021A94BE7001B8CB4 /* Resources */ = {
			isa = PBXResourcesBuildPhase;
			buildActionMask = 2147483647;
			files = (
				E3C63A7621A94C92001B8CB4 /* system_prefs_demo.mov in Resources */,
				E364A51E21AAA51A00B501EE /* demo.mov in Resources */,
				E3C63A7321A94C80001B8CB4 /* Main.storyboard in Resources */,
				E309ECE921AA90560091219D /* Assets.xcassets in Resources */,
				E3C03A2821A95AF90025C8F1 /* key_bindings_demo.mov in Resources */,
			);
			runOnlyForDeploymentPostprocessing = 0;
		};
		E3C63A5221A94BE8001B8CB4 /* Resources */ = {
			isa = PBXResourcesBuildPhase;
			buildActionMask = 2147483647;
			files = (
			);
			runOnlyForDeploymentPostprocessing = 0;
		};
		E3C63A7921A94CE7001B8CB4 /* Resources */ = {
			isa = PBXResourcesBuildPhase;
			buildActionMask = 2147483647;
			files = (
			);
			runOnlyForDeploymentPostprocessing = 0;
		};
/* End PBXResourcesBuildPhase section */

/* Begin PBXSourcesBuildPhase section */
		E3C63A3E21A94BE7001B8CB4 /* Sources */ = {
			isa = PBXSourcesBuildPhase;
			buildActionMask = 2147483647;
			files = (
				E3C63A6F21A94C49001B8CB4 /* Model.swift in Sources */,
				E3C63A6D21A94C3B001B8CB4 /* HelpSplitViewController.swift in Sources */,
				E310467421B24AB500ABAC3B /* ExternalLinks.swift in Sources */,
				E3C63A4821A94BE7001B8CB4 /* ViewController.swift in Sources */,
				E3C63A6C21A94C3B001B8CB4 /* HelpSourceViewController.swift in Sources */,
				E3C63A6B21A94C3B001B8CB4 /* HelpContentViewController.swift in Sources */,
				E3C63A6621A94C28001B8CB4 /* HelpController.swift in Sources */,
				E3C63A4621A94BE7001B8CB4 /* AppDelegate.swift in Sources */,
			);
			runOnlyForDeploymentPostprocessing = 0;
		};
		E3C63A5021A94BE8001B8CB4 /* Sources */ = {
			isa = PBXSourcesBuildPhase;
			buildActionMask = 2147483647;
			files = (
				E3C63A5921A94BE8001B8CB4 /* Comment_Spell_CheckerTests.swift in Sources */,
			);
			runOnlyForDeploymentPostprocessing = 0;
		};
		E3C63A7721A94CE7001B8CB4 /* Sources */ = {
			isa = PBXSourcesBuildPhase;
			buildActionMask = 2147483647;
			files = (
				E3C63A8121A94CE7001B8CB4 /* SourceEditorExtension.swift in Sources */,
				E3C63A8321A94CE7001B8CB4 /* SourceEditorCommand.swift in Sources */,
				E3C03A2A21A95D5D0025C8F1 /* Demo.swift in Sources */,
				E3C63A8E21A94CF6001B8CB4 /* Parser.swift in Sources */,
			);
			runOnlyForDeploymentPostprocessing = 0;
		};
/* End PBXSourcesBuildPhase section */

/* Begin PBXTargetDependency section */
		E3C63A5621A94BE8001B8CB4 /* PBXTargetDependency */ = {
			isa = PBXTargetDependency;
			target = E3C63A4121A94BE7001B8CB4 /* Comment Spell Checker */;
			targetProxy = E3C63A5521A94BE8001B8CB4 /* PBXContainerItemProxy */;
		};
		E3C63A8721A94CE7001B8CB4 /* PBXTargetDependency */ = {
			isa = PBXTargetDependency;
			target = E3C63A7A21A94CE7001B8CB4 /* Comment Spell Checker Extension */;
			targetProxy = E3C63A8621A94CE7001B8CB4 /* PBXContainerItemProxy */;
		};
/* End PBXTargetDependency section */

/* Begin XCBuildConfiguration section */
		E3C63A5B21A94BE8001B8CB4 /* Debug */ = {
			isa = XCBuildConfiguration;
			buildSettings = {
				ALWAYS_SEARCH_USER_PATHS = NO;
				CLANG_ANALYZER_NONNULL = YES;
				CLANG_ANALYZER_NUMBER_OBJECT_CONVERSION = YES_AGGRESSIVE;
				CLANG_CXX_LANGUAGE_STANDARD = "gnu++14";
				CLANG_CXX_LIBRARY = "libc++";
				CLANG_ENABLE_MODULES = YES;
				CLANG_ENABLE_OBJC_ARC = YES;
				CLANG_ENABLE_OBJC_WEAK = YES;
				CLANG_WARN_BLOCK_CAPTURE_AUTORELEASING = YES;
				CLANG_WARN_BOOL_CONVERSION = YES;
				CLANG_WARN_COMMA = YES;
				CLANG_WARN_CONSTANT_CONVERSION = YES;
				CLANG_WARN_DEPRECATED_OBJC_IMPLEMENTATIONS = YES;
				CLANG_WARN_DIRECT_OBJC_ISA_USAGE = YES_ERROR;
				CLANG_WARN_DOCUMENTATION_COMMENTS = YES;
				CLANG_WARN_EMPTY_BODY = YES;
				CLANG_WARN_ENUM_CONVERSION = YES;
				CLANG_WARN_INFINITE_RECURSION = YES;
				CLANG_WARN_INT_CONVERSION = YES;
				CLANG_WARN_NON_LITERAL_NULL_CONVERSION = YES;
				CLANG_WARN_OBJC_IMPLICIT_RETAIN_SELF = YES;
				CLANG_WARN_OBJC_LITERAL_CONVERSION = YES;
				CLANG_WARN_OBJC_ROOT_CLASS = YES_ERROR;
				CLANG_WARN_RANGE_LOOP_ANALYSIS = YES;
				CLANG_WARN_STRICT_PROTOTYPES = YES;
				CLANG_WARN_SUSPICIOUS_MOVE = YES;
				CLANG_WARN_UNGUARDED_AVAILABILITY = YES_AGGRESSIVE;
				CLANG_WARN_UNREACHABLE_CODE = YES;
				CLANG_WARN__DUPLICATE_METHOD_MATCH = YES;
				CODE_SIGN_IDENTITY = "Mac Developer";
				COPY_PHASE_STRIP = NO;
				DEBUG_INFORMATION_FORMAT = dwarf;
				ENABLE_STRICT_OBJC_MSGSEND = YES;
				ENABLE_TESTABILITY = YES;
				GCC_C_LANGUAGE_STANDARD = gnu11;
				GCC_DYNAMIC_NO_PIC = NO;
				GCC_NO_COMMON_BLOCKS = YES;
				GCC_OPTIMIZATION_LEVEL = 0;
				GCC_PREPROCESSOR_DEFINITIONS = (
					"DEBUG=1",
					"$(inherited)",
				);
				GCC_WARN_64_TO_32_BIT_CONVERSION = YES;
				GCC_WARN_ABOUT_RETURN_TYPE = YES_ERROR;
				GCC_WARN_UNDECLARED_SELECTOR = YES;
				GCC_WARN_UNINITIALIZED_AUTOS = YES_AGGRESSIVE;
				GCC_WARN_UNUSED_FUNCTION = YES;
				GCC_WARN_UNUSED_VARIABLE = YES;
				MACOSX_DEPLOYMENT_TARGET = 10.14;
				MTL_ENABLE_DEBUG_INFO = INCLUDE_SOURCE;
				MTL_FAST_MATH = YES;
				ONLY_ACTIVE_ARCH = YES;
				SDKROOT = macosx;
				SWIFT_ACTIVE_COMPILATION_CONDITIONS = DEBUG;
				SWIFT_OPTIMIZATION_LEVEL = "-Onone";
			};
			name = Debug;
		};
		E3C63A5C21A94BE8001B8CB4 /* Release */ = {
			isa = XCBuildConfiguration;
			buildSettings = {
				ALWAYS_SEARCH_USER_PATHS = NO;
				CLANG_ANALYZER_NONNULL = YES;
				CLANG_ANALYZER_NUMBER_OBJECT_CONVERSION = YES_AGGRESSIVE;
				CLANG_CXX_LANGUAGE_STANDARD = "gnu++14";
				CLANG_CXX_LIBRARY = "libc++";
				CLANG_ENABLE_MODULES = YES;
				CLANG_ENABLE_OBJC_ARC = YES;
				CLANG_ENABLE_OBJC_WEAK = YES;
				CLANG_WARN_BLOCK_CAPTURE_AUTORELEASING = YES;
				CLANG_WARN_BOOL_CONVERSION = YES;
				CLANG_WARN_COMMA = YES;
				CLANG_WARN_CONSTANT_CONVERSION = YES;
				CLANG_WARN_DEPRECATED_OBJC_IMPLEMENTATIONS = YES;
				CLANG_WARN_DIRECT_OBJC_ISA_USAGE = YES_ERROR;
				CLANG_WARN_DOCUMENTATION_COMMENTS = YES;
				CLANG_WARN_EMPTY_BODY = YES;
				CLANG_WARN_ENUM_CONVERSION = YES;
				CLANG_WARN_INFINITE_RECURSION = YES;
				CLANG_WARN_INT_CONVERSION = YES;
				CLANG_WARN_NON_LITERAL_NULL_CONVERSION = YES;
				CLANG_WARN_OBJC_IMPLICIT_RETAIN_SELF = YES;
				CLANG_WARN_OBJC_LITERAL_CONVERSION = YES;
				CLANG_WARN_OBJC_ROOT_CLASS = YES_ERROR;
				CLANG_WARN_RANGE_LOOP_ANALYSIS = YES;
				CLANG_WARN_STRICT_PROTOTYPES = YES;
				CLANG_WARN_SUSPICIOUS_MOVE = YES;
				CLANG_WARN_UNGUARDED_AVAILABILITY = YES_AGGRESSIVE;
				CLANG_WARN_UNREACHABLE_CODE = YES;
				CLANG_WARN__DUPLICATE_METHOD_MATCH = YES;
				CODE_SIGN_IDENTITY = "Mac Developer";
				COPY_PHASE_STRIP = NO;
				DEBUG_INFORMATION_FORMAT = "dwarf-with-dsym";
				ENABLE_NS_ASSERTIONS = NO;
				ENABLE_STRICT_OBJC_MSGSEND = YES;
				GCC_C_LANGUAGE_STANDARD = gnu11;
				GCC_NO_COMMON_BLOCKS = YES;
				GCC_WARN_64_TO_32_BIT_CONVERSION = YES;
				GCC_WARN_ABOUT_RETURN_TYPE = YES_ERROR;
				GCC_WARN_UNDECLARED_SELECTOR = YES;
				GCC_WARN_UNINITIALIZED_AUTOS = YES_AGGRESSIVE;
				GCC_WARN_UNUSED_FUNCTION = YES;
				GCC_WARN_UNUSED_VARIABLE = YES;
				MACOSX_DEPLOYMENT_TARGET = 10.14;
				MTL_ENABLE_DEBUG_INFO = NO;
				MTL_FAST_MATH = YES;
				SDKROOT = macosx;
				SWIFT_COMPILATION_MODE = wholemodule;
				SWIFT_OPTIMIZATION_LEVEL = "-O";
			};
			name = Release;
		};
		E3C63A5E21A94BE8001B8CB4 /* Debug */ = {
			isa = XCBuildConfiguration;
			buildSettings = {
				ALWAYS_EMBED_SWIFT_STANDARD_LIBRARIES = YES;
				ASSETCATALOG_COMPILER_APPICON_NAME = AppIcon;
				CODE_SIGN_ENTITLEMENTS = "Comment Spell Checker/Comment_Spell_Checker.entitlements";
				CODE_SIGN_STYLE = Automatic;
				COMBINE_HIDPI_IMAGES = YES;
				DEVELOPMENT_TEAM = L4ALPHW89P;
				INFOPLIST_FILE = "Comment Spell Checker/Info.plist";
				LD_RUNPATH_SEARCH_PATHS = (
					"$(inherited)",
					"@executable_path/../Frameworks",
				);
				MACOSX_DEPLOYMENT_TARGET = 10.13;
				PRODUCT_BUNDLE_IDENTIFIER = "com.velyan.Comment-Spell-Checker";
				PRODUCT_NAME = "$(TARGET_NAME)";
				SWIFT_VERSION = 4.2;
			};
			name = Debug;
		};
		E3C63A5F21A94BE8001B8CB4 /* Release */ = {
			isa = XCBuildConfiguration;
			buildSettings = {
				ALWAYS_EMBED_SWIFT_STANDARD_LIBRARIES = YES;
				ASSETCATALOG_COMPILER_APPICON_NAME = AppIcon;
				CODE_SIGN_ENTITLEMENTS = "Comment Spell Checker/Comment_Spell_Checker.entitlements";
				CODE_SIGN_STYLE = Automatic;
				COMBINE_HIDPI_IMAGES = YES;
				DEVELOPMENT_TEAM = L4ALPHW89P;
				INFOPLIST_FILE = "Comment Spell Checker/Info.plist";
				LD_RUNPATH_SEARCH_PATHS = (
					"$(inherited)",
					"@executable_path/../Frameworks",
				);
				MACOSX_DEPLOYMENT_TARGET = 10.13;
				PRODUCT_BUNDLE_IDENTIFIER = "com.velyan.Comment-Spell-Checker";
				PRODUCT_NAME = "$(TARGET_NAME)";
				SWIFT_VERSION = 4.2;
			};
			name = Release;
		};
		E3C63A6121A94BE8001B8CB4 /* Debug */ = {
			isa = XCBuildConfiguration;
			buildSettings = {
				ALWAYS_EMBED_SWIFT_STANDARD_LIBRARIES = YES;
				BUNDLE_LOADER = "$(TEST_HOST)";
				CODE_SIGN_STYLE = Automatic;
				COMBINE_HIDPI_IMAGES = YES;
				DEVELOPMENT_TEAM = L4ALPHW89P;
				INFOPLIST_FILE = "Comment Spell CheckerTests/Info.plist";
				LD_RUNPATH_SEARCH_PATHS = (
					"$(inherited)",
					"@executable_path/../Frameworks",
					"@loader_path/../Frameworks",
				);
				PRODUCT_BUNDLE_IDENTIFIER = "com.velyan.Comment-Spell-CheckerTests";
				PRODUCT_NAME = "$(TARGET_NAME)";
				SWIFT_VERSION = 4.2;
				TEST_HOST = "$(BUILT_PRODUCTS_DIR)/Comment Spell Checker.app/Contents/MacOS/Comment Spell Checker";
			};
			name = Debug;
		};
		E3C63A6221A94BE8001B8CB4 /* Release */ = {
			isa = XCBuildConfiguration;
			buildSettings = {
				ALWAYS_EMBED_SWIFT_STANDARD_LIBRARIES = YES;
				BUNDLE_LOADER = "$(TEST_HOST)";
				CODE_SIGN_STYLE = Automatic;
				COMBINE_HIDPI_IMAGES = YES;
				DEVELOPMENT_TEAM = L4ALPHW89P;
				INFOPLIST_FILE = "Comment Spell CheckerTests/Info.plist";
				LD_RUNPATH_SEARCH_PATHS = (
					"$(inherited)",
					"@executable_path/../Frameworks",
					"@loader_path/../Frameworks",
				);
				PRODUCT_BUNDLE_IDENTIFIER = "com.velyan.Comment-Spell-CheckerTests";
				PRODUCT_NAME = "$(TARGET_NAME)";
				SWIFT_VERSION = 4.2;
				TEST_HOST = "$(BUILT_PRODUCTS_DIR)/Comment Spell Checker.app/Contents/MacOS/Comment Spell Checker";
			};
			name = Release;
		};
		E3C63A8A21A94CE7001B8CB4 /* Debug */ = {
			isa = XCBuildConfiguration;
			buildSettings = {
				CODE_SIGN_ENTITLEMENTS = "Comment Spell Checker Extension/Comment_Spell_Checker_Extension.entitlements";
				CODE_SIGN_STYLE = Automatic;
				COMBINE_HIDPI_IMAGES = YES;
				DEVELOPMENT_TEAM = L4ALPHW89P;
				INFOPLIST_FILE = "Comment Spell Checker Extension/Info.plist";
				LD_RUNPATH_SEARCH_PATHS = (
					"$(inherited)",
					"@executable_path/../Frameworks",
					"@executable_path/../../../../Frameworks",
				);
				PRODUCT_BUNDLE_IDENTIFIER = "com.velyan.Comment-Spell-Checker.Comment-Spell-Checker-Extension";
				PRODUCT_NAME = "$(TARGET_NAME)";
				SKIP_INSTALL = YES;
				SWIFT_VERSION = 4.2;
			};
			name = Debug;
		};
		E3C63A8B21A94CE7001B8CB4 /* Release */ = {
			isa = XCBuildConfiguration;
			buildSettings = {
				CODE_SIGN_ENTITLEMENTS = "Comment Spell Checker Extension/Comment_Spell_Checker_Extension.entitlements";
				CODE_SIGN_STYLE = Automatic;
				COMBINE_HIDPI_IMAGES = YES;
				DEVELOPMENT_TEAM = L4ALPHW89P;
				INFOPLIST_FILE = "Comment Spell Checker Extension/Info.plist";
				LD_RUNPATH_SEARCH_PATHS = (
					"$(inherited)",
					"@executable_path/../Frameworks",
					"@executable_path/../../../../Frameworks",
				);
				PRODUCT_BUNDLE_IDENTIFIER = "com.velyan.Comment-Spell-Checker.Comment-Spell-Checker-Extension";
				PRODUCT_NAME = "$(TARGET_NAME)";
				SKIP_INSTALL = YES;
				SWIFT_VERSION = 4.2;
			};
			name = Release;
		};
/* End XCBuildConfiguration section */

/* Begin XCConfigurationList section */
		E3C63A3D21A94BE7001B8CB4 /* Build configuration list for PBXProject "Comment Spell Checker" */ = {
			isa = XCConfigurationList;
			buildConfigurations = (
				E3C63A5B21A94BE8001B8CB4 /* Debug */,
				E3C63A5C21A94BE8001B8CB4 /* Release */,
			);
			defaultConfigurationIsVisible = 0;
			defaultConfigurationName = Release;
		};
		E3C63A5D21A94BE8001B8CB4 /* Build configuration list for PBXNativeTarget "Comment Spell Checker" */ = {
			isa = XCConfigurationList;
			buildConfigurations = (
				E3C63A5E21A94BE8001B8CB4 /* Debug */,
				E3C63A5F21A94BE8001B8CB4 /* Release */,
			);
			defaultConfigurationIsVisible = 0;
			defaultConfigurationName = Release;
		};
		E3C63A6021A94BE8001B8CB4 /* Build configuration list for PBXNativeTarget "Comment Spell CheckerTests" */ = {
			isa = XCConfigurationList;
			buildConfigurations = (
				E3C63A6121A94BE8001B8CB4 /* Debug */,
				E3C63A6221A94BE8001B8CB4 /* Release */,
			);
			defaultConfigurationIsVisible = 0;
			defaultConfigurationName = Release;
		};
		E3C63A8921A94CE7001B8CB4 /* Build configuration list for PBXNativeTarget "Comment Spell Checker Extension" */ = {
			isa = XCConfigurationList;
			buildConfigurations = (
				E3C63A8A21A94CE7001B8CB4 /* Debug */,
				E3C63A8B21A94CE7001B8CB4 /* Release */,
			);
			defaultConfigurationIsVisible = 0;
			defaultConfigurationName = Release;
		};
/* End XCConfigurationList section */
	};
	rootObject = E3C63A3A21A94BE7001B8CB4 /* Project object */;
}
